
Microsoft Visual Studio Solution File, Format Version 12.00
# Visual Studio Version 16
VisualStudioVersion = 16.0.31321.278
MinimumVisualStudioVersion = 10.0.40219.1
Project("{FAE04EC0-301F-11D3-BF4B-00C04F79EFBC}") = "1716668_4b", "1920_2c\1716668_4b.csproj", "{B7CE710E-5AF7-4974-AD2F-CB9946034D1C}"
EndProject
Global
	GlobalSection(SolutionConfigurationPlatforms) = preSolution
		Debug|Any CPU = Debug|Any CPU
		Release|Any CPU = Release|Any CPU
	EndGlobalSection
	GlobalSection(ProjectConfigurationPlatforms) = postSolution
		{B7CE710E-5AF7-4974-AD2F-CB9946034D1C}.Debug|Any CPU.ActiveCfg = Debug|Any CPU
		{B7CE710E-5AF7-4974-AD2F-CB9946034D1C}.Debug|Any CPU.Build.0 = Debug|Any CPU
		{B7CE710E-5AF7-4974-AD2F-CB9946034D1C}.Release|Any CPU.ActiveCfg = Release|Any CPU
		{B7CE710E-5AF7-4974-AD2F-CB9946034D1C}.Release|Any CPU.Build.0 = Release|Any CPU
	EndGlobalSection
	GlobalSection(SolutionProperties) = preSolution
		HideSolutionNode = FALSE
	EndGlobalSection
	GlobalSection(ExtensibilityGlobals) = postSolution
		SolutionGuid = {6ACDEAE5-3F45-40B1-8D2C-D6DB838FC46A}
	EndGlobalSection
EndGlobal
