
Microsoft Visual Studio Solution File, Format Version 12.00
# Visual Studio Version 16
VisualStudioVersion = 16.0.31321.278
MinimumVisualStudioVersion = 10.0.40219.1
Project("{FAE04EC0-301F-11D3-BF4B-00C04F79EFBC}") = "1716668_3b", "1716668_3b\1716668_3b.csproj", "{35138277-CE36-4278-B28E-0E6462245867}"
EndProject
Global
	GlobalSection(SolutionConfigurationPlatforms) = preSolution
		Debug|Any CPU = Debug|Any CPU
		Release|Any CPU = Release|Any CPU
	EndGlobalSection
	GlobalSection(ProjectConfigurationPlatforms) = postSolution
		{35138277-CE36-4278-B28E-0E6462245867}.Debug|Any CPU.ActiveCfg = Debug|Any CPU
		{35138277-CE36-4278-B28E-0E6462245867}.Debug|Any CPU.Build.0 = Debug|Any CPU
		{35138277-CE36-4278-B28E-0E6462245867}.Release|Any CPU.ActiveCfg = Release|Any CPU
		{35138277-CE36-4278-B28E-0E6462245867}.Release|Any CPU.Build.0 = Release|Any CPU
	EndGlobalSection
	GlobalSection(SolutionProperties) = preSolution
		HideSolutionNode = FALSE
	EndGlobalSection
	GlobalSection(ExtensibilityGlobals) = postSolution
		SolutionGuid = {81BDE86A-C683-4FD0-835D-BDD0BAFC4CE8}
	EndGlobalSection
EndGlobal
