
Microsoft Visual Studio Solution File, Format Version 12.00
# Visual Studio Version 16
VisualStudioVersion = 16.0.31019.35
MinimumVisualStudioVersion = 10.0.40219.1
Project("{FAE04EC0-301F-11D3-BF4B-00C04F79EFBC}") = "Draft_Exercise", "Draft_Exercise\Draft_Exercise.csproj", "{6681BDD6-6028-4A24-90B0-3A8B89BD3F80}"
EndProject
Global
	GlobalSection(SolutionConfigurationPlatforms) = preSolution
		Debug|Any CPU = Debug|Any CPU
		Release|Any CPU = Release|Any CPU
	EndGlobalSection
	GlobalSection(ProjectConfigurationPlatforms) = postSolution
		{6681BDD6-6028-4A24-90B0-3A8B89BD3F80}.Debug|Any CPU.ActiveCfg = Debug|Any CPU
		{6681BDD6-6028-4A24-90B0-3A8B89BD3F80}.Debug|Any CPU.Build.0 = Debug|Any CPU
		{6681BDD6-6028-4A24-90B0-3A8B89BD3F80}.Release|Any CPU.ActiveCfg = Release|Any CPU
		{6681BDD6-6028-4A24-90B0-3A8B89BD3F80}.Release|Any CPU.Build.0 = Release|Any CPU
	EndGlobalSection
	GlobalSection(SolutionProperties) = preSolution
		HideSolutionNode = FALSE
	EndGlobalSection
	GlobalSection(ExtensibilityGlobals) = postSolution
		SolutionGuid = {D29FBB14-385B-4DC9-8C84-7C471832FF19}
	EndGlobalSection
EndGlobal
